
Microsoft Visual Studio Solution File, Format Version 12.00
# Visual Studio Version 17
VisualStudioVersion = 17.8.34511.84
MinimumVisualStudioVersion = 10.0.40219.1
Project("{FAE04EC0-301F-11D3-BF4B-00C04F79EFBC}") = "SomaTargetSistemas", "SomaTargetSistemas\SomaTargetSistemas.csproj", "{DAD47696-A6A8-40F1-A391-0BA5011C0E62}"
EndProject
Global
	GlobalSection(SolutionConfigurationPlatforms) = preSolution
		Debug|Any CPU = Debug|Any CPU
		Release|Any CPU = Release|Any CPU
	EndGlobalSection
	GlobalSection(ProjectConfigurationPlatforms) = postSolution
		{DAD47696-A6A8-40F1-A391-0BA5011C0E62}.Debug|Any CPU.ActiveCfg = Debug|Any CPU
		{DAD47696-A6A8-40F1-A391-0BA5011C0E62}.Debug|Any CPU.Build.0 = Debug|Any CPU
		{DAD47696-A6A8-40F1-A391-0BA5011C0E62}.Release|Any CPU.ActiveCfg = Release|Any CPU
		{DAD47696-A6A8-40F1-A391-0BA5011C0E62}.Release|Any CPU.Build.0 = Release|Any CPU
	EndGlobalSection
	GlobalSection(SolutionProperties) = preSolution
		HideSolutionNode = FALSE
	EndGlobalSection
	GlobalSection(ExtensibilityGlobals) = postSolution
		SolutionGuid = {8E7EBFF0-7D88-4FF2-9829-FECF99235F46}
	EndGlobalSection
EndGlobal
